
Microsoft Visual Studio Solution File, Format Version 12.00
# Visual Studio Version 17
VisualStudioVersion = 17.10.35013.160
MinimumVisualStudioVersion = 10.0.40219.1
Project("{FAE04EC0-301F-11D3-BF4B-00C04F79EFBC}") = "TikTacToe", "TikTacToe.csproj", "{EBEF57C3-966A-4FF0-86CD-CE96060D3874}"
EndProject
Global
	GlobalSection(SolutionConfigurationPlatforms) = preSolution
		Debug|Any CPU = Debug|Any CPU
		Release|Any CPU = Release|Any CPU
	EndGlobalSection
	GlobalSection(ProjectConfigurationPlatforms) = postSolution
		{EBEF57C3-966A-4FF0-86CD-CE96060D3874}.Debug|Any CPU.ActiveCfg = Debug|Any CPU
		{EBEF57C3-966A-4FF0-86CD-CE96060D3874}.Debug|Any CPU.Build.0 = Debug|Any CPU
		{EBEF57C3-966A-4FF0-86CD-CE96060D3874}.Release|Any CPU.ActiveCfg = Release|Any CPU
		{EBEF57C3-966A-4FF0-86CD-CE96060D3874}.Release|Any CPU.Build.0 = Release|Any CPU
	EndGlobalSection
	GlobalSection(SolutionProperties) = preSolution
		HideSolutionNode = FALSE
	EndGlobalSection
	GlobalSection(ExtensibilityGlobals) = postSolution
		SolutionGuid = {D116E376-49AC-46BE-86C1-96BB17797A46}
	EndGlobalSection
EndGlobal
